
Microsoft Visual Studio Solution File, Format Version 12.00
# Visual Studio Version 17
VisualStudioVersion = 17.0.31903.59
MinimumVisualStudioVersion = 10.0.40219.1
Project("{2150E333-8FDC-42A3-9474-1A3956D46DE8}") = "src", "src", "{827E0CD3-B72D-47B6-A68D-7590B98EB39B}"
EndProject
Project("{FAE04EC0-301F-11D3-BF4B-00C04F79EFBC}") = "MailServer.Admin", "src\MailServer.Admin\MailServer.Admin.csproj", "{42B0A918-D522-4235-991A-4E764A6669CE}"
EndProject
Project("{FAE04EC0-301F-11D3-BF4B-00C04F79EFBC}") = "MailServer.Application", "src\MailServer.Application\MailServer.Application.csproj", "{38C88E72-A940-4775-8CCA-55BB75717523}"
EndProject
Project("{FAE04EC0-301F-11D3-BF4B-00C04F79EFBC}") = "MailServer.Domain", "src\MailServer.Domain\MailServer.Domain.csproj", "{728160BC-7D4B-428E-996A-6867902DE5AC}"
EndProject
Project("{FAE04EC0-301F-11D3-BF4B-00C04F79EFBC}") = "MailServer.Ipc", "src\MailServer.Ipc\MailServer.Ipc.csproj", "{DBB9AD12-A2DE-4532-8129-9ED7AD749B87}"
EndProject
Project("{FAE04EC0-301F-11D3-BF4B-00C04F79EFBC}") = "MailServer.Infrastructure", "src\MailServer.Infrastructure\MailServer.Infrastructure.csproj", "{1C31872D-0005-4A24-AFE6-0D52B3D80DA9}"
EndProject
Project("{FAE04EC0-301F-11D3-BF4B-00C04F79EFBC}") = "MailServer.Persistence.SqlServer", "src\MailServer.Persistence.SqlServer\MailServer.Persistence.SqlServer.csproj", "{7F636423-9672-44EA-8C4B-12BB84843F1E}"
EndProject
Project("{FAE04EC0-301F-11D3-BF4B-00C04F79EFBC}") = "MailServer.Persistence.Sqlite", "src\MailServer.Persistence.Sqlite\MailServer.Persistence.Sqlite.csproj", "{ABFA9BC3-102C-4092-A8DC-8D37748AFDB9}"
EndProject
Project("{2150E333-8FDC-42A3-9474-1A3956D46DE8}") = "tests", "tests", "{0AB3BF05-4346-4AA6-1389-037BE0695223}"
EndProject
Project("{FAE04EC0-301F-11D3-BF4B-00C04F79EFBC}") = "MailServer.Application.Tests", "tests\MailServer.Application.Tests\MailServer.Application.Tests.csproj", "{5E2CC9A4-F2A8-4027-83E1-C3029543E550}"
EndProject
Project("{FAE04EC0-301F-11D3-BF4B-00C04F79EFBC}") = "MailServer.Domain.Tests", "tests\MailServer.Domain.Tests\MailServer.Domain.Tests.csproj", "{E1603B79-0762-417F-BB00-A362C4CD2B7B}"
EndProject
Project("{FAE04EC0-301F-11D3-BF4B-00C04F79EFBC}") = "MailServer.Infrastructure.Tests", "tests\MailServer.Infrastructure.Tests\MailServer.Infrastructure.Tests.csproj", "{CBDB1E64-C918-4CEB-8D78-5473F1C3C459}"
EndProject
Project("{FAE04EC0-301F-11D3-BF4B-00C04F79EFBC}") = "MailServer.Ipc.Tests", "tests\MailServer.Ipc.Tests\MailServer.Ipc.Tests.csproj", "{AA3FF004-415F-4648-8EE8-30EA6F191C05}"
EndProject
Project("{FAE04EC0-301F-11D3-BF4B-00C04F79EFBC}") = "MailServer.Persistence.Tests", "tests\MailServer.Persistence.Tests\MailServer.Persistence.Tests.csproj", "{727B56B9-25B8-4B8B-A87D-4FAC992BA780}"
EndProject
Project("{FAE04EC0-301F-11D3-BF4B-00C04F79EFBC}") = "MailServer.Service", "src\MailServer.Service\MailServer.Service.csproj", "{D7869712-EAAC-4C37-92BD-B00FCB2E6473}"
EndProject
Project("{FAE04EC0-301F-11D3-BF4B-00C04F79EFBC}") = "MailServer.SecurityTests", "tests\MailServer.SecurityTests\MailServer.SecurityTests.csproj", "{F6E2CD3A-C857-456A-9B7E-F4F1022DCEF7}"
EndProject
Project("{FAE04EC0-301F-11D3-BF4B-00C04F79EFBC}") = "MailServer.Certificates.Tests", "tests\MailServer.Certificates.Tests\MailServer.Certificates.Tests.csproj", "{3AE87660-0CA8-4B73-9370-1B351BD13DFA}"
EndProject
Project("{FAE04EC0-301F-11D3-BF4B-00C04F79EFBC}") = "MailServer.Acme.Tests", "tests\MailServer.Acme.Tests\MailServer.Acme.Tests.csproj", "{8979493F-0936-4CD6-8D52-864AF30FFC14}"
EndProject
Global
	GlobalSection(SolutionConfigurationPlatforms) = preSolution
		Debug|Any CPU = Debug|Any CPU
		Debug|x64 = Debug|x64
		Debug|x86 = Debug|x86
		Release|Any CPU = Release|Any CPU
		Release|x64 = Release|x64
		Release|x86 = Release|x86
	EndGlobalSection
	GlobalSection(ProjectConfigurationPlatforms) = postSolution
		{42B0A918-D522-4235-991A-4E764A6669CE}.Debug|Any CPU.ActiveCfg = Debug|Any CPU
		{42B0A918-D522-4235-991A-4E764A6669CE}.Debug|Any CPU.Build.0 = Debug|Any CPU
		{42B0A918-D522-4235-991A-4E764A6669CE}.Debug|x64.ActiveCfg = Debug|Any CPU
		{42B0A918-D522-4235-991A-4E764A6669CE}.Debug|x64.Build.0 = Debug|Any CPU
		{42B0A918-D522-4235-991A-4E764A6669CE}.Debug|x86.ActiveCfg = Debug|Any CPU
		{42B0A918-D522-4235-991A-4E764A6669CE}.Debug|x86.Build.0 = Debug|Any CPU
		{42B0A918-D522-4235-991A-4E764A6669CE}.Release|Any CPU.ActiveCfg = Release|Any CPU
		{42B0A918-D522-4235-991A-4E764A6669CE}.Release|Any CPU.Build.0 = Release|Any CPU
		{42B0A918-D522-4235-991A-4E764A6669CE}.Release|x64.ActiveCfg = Release|Any CPU
		{42B0A918-D522-4235-991A-4E764A6669CE}.Release|x64.Build.0 = Release|Any CPU
		{42B0A918-D522-4235-991A-4E764A6669CE}.Release|x86.ActiveCfg = Release|Any CPU
		{42B0A918-D522-4235-991A-4E764A6669CE}.Release|x86.Build.0 = Release|Any CPU
		{38C88E72-A940-4775-8CCA-55BB75717523}.Debug|Any CPU.ActiveCfg = Debug|Any CPU
		{38C88E72-A940-4775-8CCA-55BB75717523}.Debug|Any CPU.Build.0 = Debug|Any CPU
		{38C88E72-A940-4775-8CCA-55BB75717523}.Debug|x64.ActiveCfg = Debug|Any CPU
		{38C88E72-A940-4775-8CCA-55BB75717523}.Debug|x64.Build.0 = Debug|Any CPU
		{38C88E72-A940-4775-8CCA-55BB75717523}.Debug|x86.ActiveCfg = Debug|Any CPU
		{38C88E72-A940-4775-8CCA-55BB75717523}.Debug|x86.Build.0 = Debug|Any CPU
		{38C88E72-A940-4775-8CCA-55BB75717523}.Release|Any CPU.ActiveCfg = Release|Any CPU
		{38C88E72-A940-4775-8CCA-55BB75717523}.Release|Any CPU.Build.0 = Release|Any CPU
		{38C88E72-A940-4775-8CCA-55BB75717523}.Release|x64.ActiveCfg = Release|Any CPU
		{38C88E72-A940-4775-8CCA-55BB75717523}.Release|x64.Build.0 = Release|Any CPU
		{38C88E72-A940-4775-8CCA-55BB75717523}.Release|x86.ActiveCfg = Release|Any CPU
		{38C88E72-A940-4775-8CCA-55BB75717523}.Release|x86.Build.0 = Release|Any CPU
		{728160BC-7D4B-428E-996A-6867902DE5AC}.Debug|Any CPU.ActiveCfg = Debug|Any CPU
		{728160BC-7D4B-428E-996A-6867902DE5AC}.Debug|Any CPU.Build.0 = Debug|Any CPU
		{728160BC-7D4B-428E-996A-6867902DE5AC}.Debug|x64.ActiveCfg = Debug|Any CPU
		{728160BC-7D4B-428E-996A-6867902DE5AC}.Debug|x64.Build.0 = Debug|Any CPU
		{728160BC-7D4B-428E-996A-6867902DE5AC}.Debug|x86.ActiveCfg = Debug|Any CPU
		{728160BC-7D4B-428E-996A-6867902DE5AC}.Debug|x86.Build.0 = Debug|Any CPU
		{728160BC-7D4B-428E-996A-6867902DE5AC}.Release|Any CPU.ActiveCfg = Release|Any CPU
		{728160BC-7D4B-428E-996A-6867902DE5AC}.Release|Any CPU.Build.0 = Release|Any CPU
		{728160BC-7D4B-428E-996A-6867902DE5AC}.Release|x64.ActiveCfg = Release|Any CPU
		{728160BC-7D4B-428E-996A-6867902DE5AC}.Release|x64.Build.0 = Release|Any CPU
		{728160BC-7D4B-428E-996A-6867902DE5AC}.Release|x86.ActiveCfg = Release|Any CPU
		{728160BC-7D4B-428E-996A-6867902DE5AC}.Release|x86.Build.0 = Release|Any CPU
		{DBB9AD12-A2DE-4532-8129-9ED7AD749B87}.Debug|Any CPU.ActiveCfg = Debug|Any CPU
		{DBB9AD12-A2DE-4532-8129-9ED7AD749B87}.Debug|Any CPU.Build.0 = Debug|Any CPU
		{DBB9AD12-A2DE-4532-8129-9ED7AD749B87}.Debug|x64.ActiveCfg = Debug|Any CPU
		{DBB9AD12-A2DE-4532-8129-9ED7AD749B87}.Debug|x64.Build.0 = Debug|Any CPU
		{DBB9AD12-A2DE-4532-8129-9ED7AD749B87}.Debug|x86.ActiveCfg = Debug|Any CPU
		{DBB9AD12-A2DE-4532-8129-9ED7AD749B87}.Debug|x86.Build.0 = Debug|Any CPU
		{DBB9AD12-A2DE-4532-8129-9ED7AD749B87}.Release|Any CPU.ActiveCfg = Release|Any CPU
		{DBB9AD12-A2DE-4532-8129-9ED7AD749B87}.Release|Any CPU.Build.0 = Release|Any CPU
		{DBB9AD12-A2DE-4532-8129-9ED7AD749B87}.Release|x64.ActiveCfg = Release|Any CPU
		{DBB9AD12-A2DE-4532-8129-9ED7AD749B87}.Release|x64.Build.0 = Release|Any CPU
		{DBB9AD12-A2DE-4532-8129-9ED7AD749B87}.Release|x86.ActiveCfg = Release|Any CPU
		{DBB9AD12-A2DE-4532-8129-9ED7AD749B87}.Release|x86.Build.0 = Release|Any CPU
		{1C31872D-0005-4A24-AFE6-0D52B3D80DA9}.Debug|Any CPU.ActiveCfg = Debug|Any CPU
		{1C31872D-0005-4A24-AFE6-0D52B3D80DA9}.Debug|Any CPU.Build.0 = Debug|Any CPU
		{1C31872D-0005-4A24-AFE6-0D52B3D80DA9}.Debug|x64.ActiveCfg = Debug|Any CPU
		{1C31872D-0005-4A24-AFE6-0D52B3D80DA9}.Debug|x64.Build.0 = Debug|Any CPU
		{1C31872D-0005-4A24-AFE6-0D52B3D80DA9}.Debug|x86.ActiveCfg = Debug|Any CPU
		{1C31872D-0005-4A24-AFE6-0D52B3D80DA9}.Debug|x86.Build.0 = Debug|Any CPU
		{1C31872D-0005-4A24-AFE6-0D52B3D80DA9}.Release|Any CPU.ActiveCfg = Release|Any CPU
		{1C31872D-0005-4A24-AFE6-0D52B3D80DA9}.Release|Any CPU.Build.0 = Release|Any CPU
		{1C31872D-0005-4A24-AFE6-0D52B3D80DA9}.Release|x64.ActiveCfg = Release|Any CPU
		{1C31872D-0005-4A24-AFE6-0D52B3D80DA9}.Release|x64.Build.0 = Release|Any CPU
		{1C31872D-0005-4A24-AFE6-0D52B3D80DA9}.Release|x86.ActiveCfg = Release|Any CPU
		{1C31872D-0005-4A24-AFE6-0D52B3D80DA9}.Release|x86.Build.0 = Release|Any CPU
		{7F636423-9672-44EA-8C4B-12BB84843F1E}.Debug|Any CPU.ActiveCfg = Debug|Any CPU
		{7F636423-9672-44EA-8C4B-12BB84843F1E}.Debug|Any CPU.Build.0 = Debug|Any CPU
		{7F636423-9672-44EA-8C4B-12BB84843F1E}.Debug|x64.ActiveCfg = Debug|Any CPU
		{7F636423-9672-44EA-8C4B-12BB84843F1E}.Debug|x64.Build.0 = Debug|Any CPU
		{7F636423-9672-44EA-8C4B-12BB84843F1E}.Debug|x86.ActiveCfg = Debug|Any CPU
		{7F636423-9672-44EA-8C4B-12BB84843F1E}.Debug|x86.Build.0 = Debug|Any CPU
		{7F636423-9672-44EA-8C4B-12BB84843F1E}.Release|Any CPU.ActiveCfg = Release|Any CPU
		{7F636423-9672-44EA-8C4B-12BB84843F1E}.Release|Any CPU.Build.0 = Release|Any CPU
		{7F636423-9672-44EA-8C4B-12BB84843F1E}.Release|x64.ActiveCfg = Release|Any CPU
		{7F636423-9672-44EA-8C4B-12BB84843F1E}.Release|x64.Build.0 = Release|Any CPU
		{7F636423-9672-44EA-8C4B-12BB84843F1E}.Release|x86.ActiveCfg = Release|Any CPU
		{7F636423-9672-44EA-8C4B-12BB84843F1E}.Release|x86.Build.0 = Release|Any CPU
		{ABFA9BC3-102C-4092-A8DC-8D37748AFDB9}.Debug|Any CPU.ActiveCfg = Debug|Any CPU
		{ABFA9BC3-102C-4092-A8DC-8D37748AFDB9}.Debug|Any CPU.Build.0 = Debug|Any CPU
		{ABFA9BC3-102C-4092-A8DC-8D37748AFDB9}.Debug|x64.ActiveCfg = Debug|Any CPU
		{ABFA9BC3-102C-4092-A8DC-8D37748AFDB9}.Debug|x64.Build.0 = Debug|Any CPU
		{ABFA9BC3-102C-4092-A8DC-8D37748AFDB9}.Debug|x86.ActiveCfg = Debug|Any CPU
		{ABFA9BC3-102C-4092-A8DC-8D37748AFDB9}.Debug|x86.Build.0 = Debug|Any CPU
		{ABFA9BC3-102C-4092-A8DC-8D37748AFDB9}.Release|Any CPU.ActiveCfg = Release|Any CPU
		{ABFA9BC3-102C-4092-A8DC-8D37748AFDB9}.Release|Any CPU.Build.0 = Release|Any CPU
		{ABFA9BC3-102C-4092-A8DC-8D37748AFDB9}.Release|x64.ActiveCfg = Release|Any CPU
		{ABFA9BC3-102C-4092-A8DC-8D37748AFDB9}.Release|x64.Build.0 = Release|Any CPU
		{ABFA9BC3-102C-4092-A8DC-8D37748AFDB9}.Release|x86.ActiveCfg = Release|Any CPU
		{ABFA9BC3-102C-4092-A8DC-8D37748AFDB9}.Release|x86.Build.0 = Release|Any CPU
		{5E2CC9A4-F2A8-4027-83E1-C3029543E550}.Debug|Any CPU.ActiveCfg = Debug|Any CPU
		{5E2CC9A4-F2A8-4027-83E1-C3029543E550}.Debug|Any CPU.Build.0 = Debug|Any CPU
		{5E2CC9A4-F2A8-4027-83E1-C3029543E550}.Debug|x64.ActiveCfg = Debug|Any CPU
		{5E2CC9A4-F2A8-4027-83E1-C3029543E550}.Debug|x64.Build.0 = Debug|Any CPU
		{5E2CC9A4-F2A8-4027-83E1-C3029543E550}.Debug|x86.ActiveCfg = Debug|Any CPU
		{5E2CC9A4-F2A8-4027-83E1-C3029543E550}.Debug|x86.Build.0 = Debug|Any CPU
		{5E2CC9A4-F2A8-4027-83E1-C3029543E550}.Release|Any CPU.ActiveCfg = Release|Any CPU
		{5E2CC9A4-F2A8-4027-83E1-C3029543E550}.Release|Any CPU.Build.0 = Release|Any CPU
		{5E2CC9A4-F2A8-4027-83E1-C3029543E550}.Release|x64.ActiveCfg = Release|Any CPU
		{5E2CC9A4-F2A8-4027-83E1-C3029543E550}.Release|x64.Build.0 = Release|Any CPU
		{5E2CC9A4-F2A8-4027-83E1-C3029543E550}.Release|x86.ActiveCfg = Release|Any CPU
		{5E2CC9A4-F2A8-4027-83E1-C3029543E550}.Release|x86.Build.0 = Release|Any CPU
		{E1603B79-0762-417F-BB00-A362C4CD2B7B}.Debug|Any CPU.ActiveCfg = Debug|Any CPU
		{E1603B79-0762-417F-BB00-A362C4CD2B7B}.Debug|Any CPU.Build.0 = Debug|Any CPU
		{E1603B79-0762-417F-BB00-A362C4CD2B7B}.Debug|x64.ActiveCfg = Debug|Any CPU
		{E1603B79-0762-417F-BB00-A362C4CD2B7B}.Debug|x64.Build.0 = Debug|Any CPU
		{E1603B79-0762-417F-BB00-A362C4CD2B7B}.Debug|x86.ActiveCfg = Debug|Any CPU
		{E1603B79-0762-417F-BB00-A362C4CD2B7B}.Debug|x86.Build.0 = Debug|Any CPU
		{E1603B79-0762-417F-BB00-A362C4CD2B7B}.Release|Any CPU.ActiveCfg = Release|Any CPU
		{E1603B79-0762-417F-BB00-A362C4CD2B7B}.Release|Any CPU.Build.0 = Release|Any CPU
		{E1603B79-0762-417F-BB00-A362C4CD2B7B}.Release|x64.ActiveCfg = Release|Any CPU
		{E1603B79-0762-417F-BB00-A362C4CD2B7B}.Release|x64.Build.0 = Release|Any CPU
		{E1603B79-0762-417F-BB00-A362C4CD2B7B}.Release|x86.ActiveCfg = Release|Any CPU
		{E1603B79-0762-417F-BB00-A362C4CD2B7B}.Release|x86.Build.0 = Release|Any CPU
		{CBDB1E64-C918-4CEB-8D78-5473F1C3C459}.Debug|Any CPU.ActiveCfg = Debug|Any CPU
		{CBDB1E64-C918-4CEB-8D78-5473F1C3C459}.Debug|Any CPU.Build.0 = Debug|Any CPU
		{CBDB1E64-C918-4CEB-8D78-5473F1C3C459}.Debug|x64.ActiveCfg = Debug|Any CPU
		{CBDB1E64-C918-4CEB-8D78-5473F1C3C459}.Debug|x64.Build.0 = Debug|Any CPU
		{CBDB1E64-C918-4CEB-8D78-5473F1C3C459}.Debug|x86.ActiveCfg = Debug|Any CPU
		{CBDB1E64-C918-4CEB-8D78-5473F1C3C459}.Debug|x86.Build.0 = Debug|Any CPU
		{CBDB1E64-C918-4CEB-8D78-5473F1C3C459}.Release|Any CPU.ActiveCfg = Release|Any CPU
		{CBDB1E64-C918-4CEB-8D78-5473F1C3C459}.Release|Any CPU.Build.0 = Release|Any CPU
		{CBDB1E64-C918-4CEB-8D78-5473F1C3C459}.Release|x64.ActiveCfg = Release|Any CPU
		{CBDB1E64-C918-4CEB-8D78-5473F1C3C459}.Release|x64.Build.0 = Release|Any CPU
		{CBDB1E64-C918-4CEB-8D78-5473F1C3C459}.Release|x86.ActiveCfg = Release|Any CPU
		{CBDB1E64-C918-4CEB-8D78-5473F1C3C459}.Release|x86.Build.0 = Release|Any CPU
		{AA3FF004-415F-4648-8EE8-30EA6F191C05}.Debug|Any CPU.ActiveCfg = Debug|Any CPU
		{AA3FF004-415F-4648-8EE8-30EA6F191C05}.Debug|Any CPU.Build.0 = Debug|Any CPU
		{AA3FF004-415F-4648-8EE8-30EA6F191C05}.Debug|x64.ActiveCfg = Debug|Any CPU
		{AA3FF004-415F-4648-8EE8-30EA6F191C05}.Debug|x64.Build.0 = Debug|Any CPU
		{AA3FF004-415F-4648-8EE8-30EA6F191C05}.Debug|x86.ActiveCfg = Debug|Any CPU
		{AA3FF004-415F-4648-8EE8-30EA6F191C05}.Debug|x86.Build.0 = Debug|Any CPU
		{AA3FF004-415F-4648-8EE8-30EA6F191C05}.Release|Any CPU.ActiveCfg = Release|Any CPU
		{AA3FF004-415F-4648-8EE8-30EA6F191C05}.Release|Any CPU.Build.0 = Release|Any CPU
		{AA3FF004-415F-4648-8EE8-30EA6F191C05}.Release|x64.ActiveCfg = Release|Any CPU
		{AA3FF004-415F-4648-8EE8-30EA6F191C05}.Release|x64.Build.0 = Release|Any CPU
		{AA3FF004-415F-4648-8EE8-30EA6F191C05}.Release|x86.ActiveCfg = Release|Any CPU
		{AA3FF004-415F-4648-8EE8-30EA6F191C05}.Release|x86.Build.0 = Release|Any CPU
		{727B56B9-25B8-4B8B-A87D-4FAC992BA780}.Debug|Any CPU.ActiveCfg = Debug|Any CPU
		{727B56B9-25B8-4B8B-A87D-4FAC992BA780}.Debug|Any CPU.Build.0 = Debug|Any CPU
		{727B56B9-25B8-4B8B-A87D-4FAC992BA780}.Debug|x64.ActiveCfg = Debug|Any CPU
		{727B56B9-25B8-4B8B-A87D-4FAC992BA780}.Debug|x64.Build.0 = Debug|Any CPU
		{727B56B9-25B8-4B8B-A87D-4FAC992BA780}.Debug|x86.ActiveCfg = Debug|Any CPU
		{727B56B9-25B8-4B8B-A87D-4FAC992BA780}.Debug|x86.Build.0 = Debug|Any CPU
		{727B56B9-25B8-4B8B-A87D-4FAC992BA780}.Release|Any CPU.ActiveCfg = Release|Any CPU
		{727B56B9-25B8-4B8B-A87D-4FAC992BA780}.Release|Any CPU.Build.0 = Release|Any CPU
		{727B56B9-25B8-4B8B-A87D-4FAC992BA780}.Release|x64.ActiveCfg = Release|Any CPU
		{727B56B9-25B8-4B8B-A87D-4FAC992BA780}.Release|x64.Build.0 = Release|Any CPU
		{727B56B9-25B8-4B8B-A87D-4FAC992BA780}.Release|x86.ActiveCfg = Release|Any CPU
		{727B56B9-25B8-4B8B-A87D-4FAC992BA780}.Release|x86.Build.0 = Release|Any CPU
		{D7869712-EAAC-4C37-92BD-B00FCB2E6473}.Debug|Any CPU.ActiveCfg = Debug|Any CPU
		{D7869712-EAAC-4C37-92BD-B00FCB2E6473}.Debug|Any CPU.Build.0 = Debug|Any CPU
		{D7869712-EAAC-4C37-92BD-B00FCB2E6473}.Debug|x64.ActiveCfg = Debug|Any CPU
		{D7869712-EAAC-4C37-92BD-B00FCB2E6473}.Debug|x64.Build.0 = Debug|Any CPU
		{D7869712-EAAC-4C37-92BD-B00FCB2E6473}.Debug|x86.ActiveCfg = Debug|Any CPU
		{D7869712-EAAC-4C37-92BD-B00FCB2E6473}.Debug|x86.Build.0 = Debug|Any CPU
		{D7869712-EAAC-4C37-92BD-B00FCB2E6473}.Release|Any CPU.ActiveCfg = Release|Any CPU
		{D7869712-EAAC-4C37-92BD-B00FCB2E6473}.Release|Any CPU.Build.0 = Release|Any CPU
		{D7869712-EAAC-4C37-92BD-B00FCB2E6473}.Release|x64.ActiveCfg = Release|Any CPU
		{D7869712-EAAC-4C37-92BD-B00FCB2E6473}.Release|x64.Build.0 = Release|Any CPU
		{D7869712-EAAC-4C37-92BD-B00FCB2E6473}.Release|x86.ActiveCfg = Release|Any CPU
		{D7869712-EAAC-4C37-92BD-B00FCB2E6473}.Release|x86.Build.0 = Release|Any CPU
		{F6E2CD3A-C857-456A-9B7E-F4F1022DCEF7}.Debug|Any CPU.ActiveCfg = Debug|Any CPU
		{F6E2CD3A-C857-456A-9B7E-F4F1022DCEF7}.Debug|Any CPU.Build.0 = Debug|Any CPU
		{F6E2CD3A-C857-456A-9B7E-F4F1022DCEF7}.Debug|x64.ActiveCfg = Debug|Any CPU
		{F6E2CD3A-C857-456A-9B7E-F4F1022DCEF7}.Debug|x64.Build.0 = Debug|Any CPU
		{F6E2CD3A-C857-456A-9B7E-F4F1022DCEF7}.Debug|x86.ActiveCfg = Debug|Any CPU
		{F6E2CD3A-C857-456A-9B7E-F4F1022DCEF7}.Debug|x86.Build.0 = Debug|Any CPU
		{F6E2CD3A-C857-456A-9B7E-F4F1022DCEF7}.Release|Any CPU.ActiveCfg = Release|Any CPU
		{F6E2CD3A-C857-456A-9B7E-F4F1022DCEF7}.Release|Any CPU.Build.0 = Release|Any CPU
		{F6E2CD3A-C857-456A-9B7E-F4F1022DCEF7}.Release|x64.ActiveCfg = Release|Any CPU
		{F6E2CD3A-C857-456A-9B7E-F4F1022DCEF7}.Release|x64.Build.0 = Release|Any CPU
		{F6E2CD3A-C857-456A-9B7E-F4F1022DCEF7}.Release|x86.ActiveCfg = Release|Any CPU
		{F6E2CD3A-C857-456A-9B7E-F4F1022DCEF7}.Release|x86.Build.0 = Release|Any CPU
		{3AE87660-0CA8-4B73-9370-1B351BD13DFA}.Debug|Any CPU.ActiveCfg = Debug|Any CPU
		{3AE87660-0CA8-4B73-9370-1B351BD13DFA}.Debug|Any CPU.Build.0 = Debug|Any CPU
		{3AE87660-0CA8-4B73-9370-1B351BD13DFA}.Debug|x64.ActiveCfg = Debug|Any CPU
		{3AE87660-0CA8-4B73-9370-1B351BD13DFA}.Debug|x64.Build.0 = Debug|Any CPU
		{3AE87660-0CA8-4B73-9370-1B351BD13DFA}.Debug|x86.ActiveCfg = Debug|Any CPU
		{3AE87660-0CA8-4B73-9370-1B351BD13DFA}.Debug|x86.Build.0 = Debug|Any CPU
		{3AE87660-0CA8-4B73-9370-1B351BD13DFA}.Release|Any CPU.ActiveCfg = Release|Any CPU
		{3AE87660-0CA8-4B73-9370-1B351BD13DFA}.Release|Any CPU.Build.0 = Release|Any CPU
		{3AE87660-0CA8-4B73-9370-1B351BD13DFA}.Release|x64.ActiveCfg = Release|Any CPU
		{3AE87660-0CA8-4B73-9370-1B351BD13DFA}.Release|x64.Build.0 = Release|Any CPU
		{3AE87660-0CA8-4B73-9370-1B351BD13DFA}.Release|x86.ActiveCfg = Release|Any CPU
		{3AE87660-0CA8-4B73-9370-1B351BD13DFA}.Release|x86.Build.0 = Release|Any CPU
		{8979493F-0936-4CD6-8D52-864AF30FFC14}.Debug|Any CPU.ActiveCfg = Debug|Any CPU
		{8979493F-0936-4CD6-8D52-864AF30FFC14}.Debug|Any CPU.Build.0 = Debug|Any CPU
		{8979493F-0936-4CD6-8D52-864AF30FFC14}.Debug|x64.ActiveCfg = Debug|Any CPU
		{8979493F-0936-4CD6-8D52-864AF30FFC14}.Debug|x64.Build.0 = Debug|Any CPU
		{8979493F-0936-4CD6-8D52-864AF30FFC14}.Debug|x86.ActiveCfg = Debug|Any CPU
		{8979493F-0936-4CD6-8D52-864AF30FFC14}.Debug|x86.Build.0 = Debug|Any CPU
		{8979493F-0936-4CD6-8D52-864AF30FFC14}.Release|Any CPU.ActiveCfg = Release|Any CPU
		{8979493F-0936-4CD6-8D52-864AF30FFC14}.Release|Any CPU.Build.0 = Release|Any CPU
		{8979493F-0936-4CD6-8D52-864AF30FFC14}.Release|x64.ActiveCfg = Release|Any CPU
		{8979493F-0936-4CD6-8D52-864AF30FFC14}.Release|x64.Build.0 = Release|Any CPU
		{8979493F-0936-4CD6-8D52-864AF30FFC14}.Release|x86.ActiveCfg = Release|Any CPU
		{8979493F-0936-4CD6-8D52-864AF30FFC14}.Release|x86.Build.0 = Release|Any CPU
	EndGlobalSection
	GlobalSection(SolutionProperties) = preSolution
		HideSolutionNode = FALSE
	EndGlobalSection
	GlobalSection(NestedProjects) = preSolution
		{42B0A918-D522-4235-991A-4E764A6669CE} = {827E0CD3-B72D-47B6-A68D-7590B98EB39B}
		{38C88E72-A940-4775-8CCA-55BB75717523} = {827E0CD3-B72D-47B6-A68D-7590B98EB39B}
		{728160BC-7D4B-428E-996A-6867902DE5AC} = {827E0CD3-B72D-47B6-A68D-7590B98EB39B}
		{DBB9AD12-A2DE-4532-8129-9ED7AD749B87} = {827E0CD3-B72D-47B6-A68D-7590B98EB39B}
		{1C31872D-0005-4A24-AFE6-0D52B3D80DA9} = {827E0CD3-B72D-47B6-A68D-7590B98EB39B}
		{7F636423-9672-44EA-8C4B-12BB84843F1E} = {827E0CD3-B72D-47B6-A68D-7590B98EB39B}
		{ABFA9BC3-102C-4092-A8DC-8D37748AFDB9} = {827E0CD3-B72D-47B6-A68D-7590B98EB39B}
		{5E2CC9A4-F2A8-4027-83E1-C3029543E550} = {0AB3BF05-4346-4AA6-1389-037BE0695223}
		{E1603B79-0762-417F-BB00-A362C4CD2B7B} = {0AB3BF05-4346-4AA6-1389-037BE0695223}
		{CBDB1E64-C918-4CEB-8D78-5473F1C3C459} = {0AB3BF05-4346-4AA6-1389-037BE0695223}
		{AA3FF004-415F-4648-8EE8-30EA6F191C05} = {0AB3BF05-4346-4AA6-1389-037BE0695223}
		{727B56B9-25B8-4B8B-A87D-4FAC992BA780} = {0AB3BF05-4346-4AA6-1389-037BE0695223}
		{D7869712-EAAC-4C37-92BD-B00FCB2E6473} = {827E0CD3-B72D-47B6-A68D-7590B98EB39B}
		{F6E2CD3A-C857-456A-9B7E-F4F1022DCEF7} = {0AB3BF05-4346-4AA6-1389-037BE0695223}
		{3AE87660-0CA8-4B73-9370-1B351BD13DFA} = {0AB3BF05-4346-4AA6-1389-037BE0695223}
		{8979493F-0936-4CD6-8D52-864AF30FFC14} = {0AB3BF05-4346-4AA6-1389-037BE0695223}
	EndGlobalSection
EndGlobal
